// !$*UTF8*$!
{
	archiveVersion = 1;
	classes = {
	};
	objectVersion = 46;
	objects = {

/* Begin PBXBuildFile section */
		7F17E7B016E8836B009B742F /* ArgumentLabelAnimator.m in Sources */ = {isa = PBXBuildFile; fileRef = 7F17E7AF16E8836B009B742F /* ArgumentLabelAnimator.m */; };
		7F17E7B216E8877F009B742F /* QuartzCore.framework in Frameworks */ = {isa = PBXBuildFile; fileRef = 7F17E7B116E8877F009B742F /* QuartzCore.framework */; };
		7F17E7B616E8A335009B742F /* HelpManager.m in Sources */ = {isa = PBXBuildFile; fileRef = 7F17E7B516E8A335009B742F /* HelpManager.m */; };
		7F17E7BE16E8B9CC009B742F /* PKRevealController.m in Sources */ = {isa = PBXBuildFile; fileRef = 7F17E7B916E8B9CC009B742F /* PKRevealController.m */; };
		7F17E7BF16E8B9CC009B742F /* PKRevealControllerContainerView.m in Sources */ = {isa = PBXBuildFile; fileRef = 7F17E7BB16E8B9CC009B742F /* PKRevealControllerContainerView.m */; };
		7F17E7C016E8B9CC009B742F /* UIViewController+PKRevealController.m in Sources */ = {isa = PBXBuildFile; fileRef = 7F17E7BD16E8B9CC009B742F /* UIViewController+PKRevealController.m */; };
		7F17E7C616E8BBB8009B742F /* LeftMenuViewController.m in Sources */ = {isa = PBXBuildFile; fileRef = 7F17E7C416E8BBB8009B742F /* LeftMenuViewController.m */; };
		7F17E7CA16E8BC6C009B742F /* LeftMenuViewController_iPad.xib in Resources */ = {isa = PBXBuildFile; fileRef = 7F17E7C816E8BC6C009B742F /* LeftMenuViewController_iPad.xib */; };
		7F17E7CD16E8BC96009B742F /* LeftMenuViewController_iPhone.xib in Resources */ = {isa = PBXBuildFile; fileRef = 7F17E7CB16E8BC96009B742F /* LeftMenuViewController_iPhone.xib */; };
		7F4401C316E7491B00886CBE /* ic_menu_menu.png in Resources */ = {isa = PBXBuildFile; fileRef = 7F4401C116E7491B00886CBE /* ic_menu_menu.png */; };
		7F4401C416E7491B00886CBE /* ic_menu_menu@2x.png in Resources */ = {isa = PBXBuildFile; fileRef = 7F4401C216E7491B00886CBE /* ic_menu_menu@2x.png */; };
		7FD4AD7E16E734C700EB7CC1 /* UIKit.framework in Frameworks */ = {isa = PBXBuildFile; fileRef = 7FD4AD7D16E734C700EB7CC1 /* UIKit.framework */; };
		7FD4AD8016E734C700EB7CC1 /* Foundation.framework in Frameworks */ = {isa = PBXBuildFile; fileRef = 7FD4AD7F16E734C700EB7CC1 /* Foundation.framework */; };
		7FD4AD8216E734C700EB7CC1 /* CoreGraphics.framework in Frameworks */ = {isa = PBXBuildFile; fileRef = 7FD4AD8116E734C700EB7CC1 /* CoreGraphics.framework */; };
		7FD4AD8816E734C700EB7CC1 /* InfoPlist.strings in Resources */ = {isa = PBXBuildFile; fileRef = 7FD4AD8616E734C700EB7CC1 /* InfoPlist.strings */; };
		7FD4AD8A16E734C700EB7CC1 /* main.m in Sources */ = {isa = PBXBuildFile; fileRef = 7FD4AD8916E734C700EB7CC1 /* main.m */; };
		7FD4AD8E16E734C700EB7CC1 /* AppDelegate.m in Sources */ = {isa = PBXBuildFile; fileRef = 7FD4AD8D16E734C700EB7CC1 /* AppDelegate.m */; };
		7FD4AD9016E734C700EB7CC1 /* Default.png in Resources */ = {isa = PBXBuildFile; fileRef = 7FD4AD8F16E734C700EB7CC1 /* Default.png */; };
		7FD4AD9216E734C700EB7CC1 /* Default@2x.png in Resources */ = {isa = PBXBuildFile; fileRef = 7FD4AD9116E734C700EB7CC1 /* Default@2x.png */; };
		7FD4AD9416E734C700EB7CC1 /* Default-568h@2x.png in Resources */ = {isa = PBXBuildFile; fileRef = 7FD4AD9316E734C700EB7CC1 /* Default-568h@2x.png */; };
		7FD4AD9716E734C700EB7CC1 /* ViewController.m in Sources */ = {isa = PBXBuildFile; fileRef = 7FD4AD9616E734C700EB7CC1 /* ViewController.m */; };
		7FD4AD9A16E734C700EB7CC1 /* ViewController_iPhone.xib in Resources */ = {isa = PBXBuildFile; fileRef = 7FD4AD9816E734C700EB7CC1 /* ViewController_iPhone.xib */; };
		7FD4AD9D16E734C700EB7CC1 /* ViewController_iPad.xib in Resources */ = {isa = PBXBuildFile; fileRef = 7FD4AD9B16E734C700EB7CC1 /* ViewController_iPad.xib */; };
/* End PBXBuildFile section */

/* Begin PBXFileReference section */
		7F17E7AE16E8836B009B742F /* ArgumentLabelAnimator.h */ = {isa = PBXFileReference; fileEncoding = 4; lastKnownFileType = sourcecode.c.h; name = ArgumentLabelAnimator.h; path = Classes/Animations/ArgumentLabelAnimator.h; sourceTree = "<group>"; };
		7F17E7AF16E8836B009B742F /* ArgumentLabelAnimator.m */ = {isa = PBXFileReference; fileEncoding = 4; lastKnownFileType = sourcecode.c.objc; name = ArgumentLabelAnimator.m; path = Classes/Animations/ArgumentLabelAnimator.m; sourceTree = "<group>"; };
		7F17E7B116E8877F009B742F /* QuartzCore.framework */ = {isa = PBXFileReference; lastKnownFileType = wrapper.framework; name = QuartzCore.framework; path = System/Library/Frameworks/QuartzCore.framework; sourceTree = SDKROOT; };
		7F17E7B416E8A335009B742F /* HelpManager.h */ = {isa = PBXFileReference; fileEncoding = 4; lastKnownFileType = sourcecode.c.h; name = HelpManager.h; path = Classes/Helper/HelpManager.h; sourceTree = "<group>"; };
		7F17E7B516E8A335009B742F /* HelpManager.m */ = {isa = PBXFileReference; fileEncoding = 4; lastKnownFileType = sourcecode.c.objc; name = HelpManager.m; path = Classes/Helper/HelpManager.m; sourceTree = "<group>"; };
		7F17E7B816E8B9CC009B742F /* PKRevealController.h */ = {isa = PBXFileReference; fileEncoding = 4; lastKnownFileType = sourcecode.c.h; name = PKRevealController.h; path = "Classes/Third party/PKRevealController.h"; sourceTree = "<group>"; };
		7F17E7B916E8B9CC009B742F /* PKRevealController.m */ = {isa = PBXFileReference; fileEncoding = 4; lastKnownFileType = sourcecode.c.objc; name = PKRevealController.m; path = "Classes/Third party/PKRevealController.m"; sourceTree = "<group>"; };
		7F17E7BA16E8B9CC009B742F /* PKRevealControllerContainerView.h */ = {isa = PBXFileReference; fileEncoding = 4; lastKnownFileType = sourcecode.c.h; name = PKRevealControllerContainerView.h; path = "Classes/Third party/PKRevealControllerContainerView.h"; sourceTree = "<group>"; };
		7F17E7BB16E8B9CC009B742F /* PKRevealControllerContainerView.m */ = {isa = PBXFileReference; fileEncoding = 4; lastKnownFileType = sourcecode.c.objc; name = PKRevealControllerContainerView.m; path = "Classes/Third party/PKRevealControllerContainerView.m"; sourceTree = "<group>"; };
		7F17E7BC16E8B9CC009B742F /* UIViewController+PKRevealController.h */ = {isa = PBXFileReference; fileEncoding = 4; lastKnownFileType = sourcecode.c.h; name = "UIViewController+PKRevealController.h"; path = "Classes/Third party/UIViewController+PKRevealController.h"; sourceTree = "<group>"; };
		7F17E7BD16E8B9CC009B742F /* UIViewController+PKRevealController.m */ = {isa = PBXFileReference; fileEncoding = 4; lastKnownFileType = sourcecode.c.objc; name = "UIViewController+PKRevealController.m"; path = "Classes/Third party/UIViewController+PKRevealController.m"; sourceTree = "<group>"; };
		7F17E7C316E8BBB8009B742F /* LeftMenuViewController.h */ = {isa = PBXFileReference; fileEncoding = 4; lastKnownFileType = sourcecode.c.h; path = LeftMenuViewController.h; sourceTree = "<group>"; };
		7F17E7C416E8BBB8009B742F /* LeftMenuViewController.m */ = {isa = PBXFileReference; fileEncoding = 4; lastKnownFileType = sourcecode.c.objc; path = LeftMenuViewController.m; sourceTree = "<group>"; };
		7F17E7C916E8BC6C009B742F /* en */ = {isa = PBXFileReference; lastKnownFileType = file.xib; name = en; path = en.lproj/LeftMenuViewController_iPad.xib; sourceTree = "<group>"; };
		7F17E7CC16E8BC96009B742F /* en */ = {isa = PBXFileReference; lastKnownFileType = file.xib; name = en; path = en.lproj/LeftMenuViewController_iPhone.xib; sourceTree = "<group>"; };
		7F4401C116E7491B00886CBE /* ic_menu_menu.png */ = {isa = PBXFileReference; lastKnownFileType = image.png; name = ic_menu_menu.png; path = Resources/ic_menu_menu.png; sourceTree = "<group>"; };
		7F4401C216E7491B00886CBE /* ic_menu_menu@2x.png */ = {isa = PBXFileReference; lastKnownFileType = image.png; name = "ic_menu_menu@2x.png"; path = "Resources/ic_menu_menu@2x.png"; sourceTree = "<group>"; };
		7F4401C516E74C8D00886CBE /* Localizable.strings */ = {isa = PBXFileReference; fileEncoding = 4; lastKnownFileType = text.plist.strings; name = Localizable.strings; path = Resources/Localizable.strings; sourceTree = "<group>"; };
		7FD4AD7A16E734C700EB7CC1 /* com.digitalCalc.app */ = {isa = PBXFileReference; explicitFileType = wrapper.application; includeInIndex = 0; path = com.digitalCalc.app; sourceTree = BUILT_PRODUCTS_DIR; };
		7FD4AD7D16E734C700EB7CC1 /* UIKit.framework */ = {isa = PBXFileReference; lastKnownFileType = wrapper.framework; name = UIKit.framework; path = System/Library/Frameworks/UIKit.framework; sourceTree = SDKROOT; };
		7FD4AD7F16E734C700EB7CC1 /* Foundation.framework */ = {isa = PBXFileReference; lastKnownFileType = wrapper.framework; name = Foundation.framework; path = System/Library/Frameworks/Foundation.framework; sourceTree = SDKROOT; };
		7FD4AD8116E734C700EB7CC1 /* CoreGraphics.framework */ = {isa = PBXFileReference; lastKnownFileType = wrapper.framework; name = CoreGraphics.framework; path = System/Library/Frameworks/CoreGraphics.framework; sourceTree = SDKROOT; };
		7FD4AD8516E734C700EB7CC1 /* com.digitalCalc-Info.plist */ = {isa = PBXFileReference; lastKnownFileType = text.plist.xml; path = "com.digitalCalc-Info.plist"; sourceTree = "<group>"; };
		7FD4AD8716E734C700EB7CC1 /* en */ = {isa = PBXFileReference; lastKnownFileType = text.plist.strings; name = en; path = en.lproj/InfoPlist.strings; sourceTree = "<group>"; };
		7FD4AD8916E734C700EB7CC1 /* main.m */ = {isa = PBXFileReference; lastKnownFileType = sourcecode.c.objc; path = main.m; sourceTree = "<group>"; };
		7FD4AD8B16E734C700EB7CC1 /* com.digitalCalc-Prefix.pch */ = {isa = PBXFileReference; lastKnownFileType = sourcecode.c.h; path = "com.digitalCalc-Prefix.pch"; sourceTree = "<group>"; };
		7FD4AD8C16E734C700EB7CC1 /* AppDelegate.h */ = {isa = PBXFileReference; lastKnownFileType = sourcecode.c.h; path = AppDelegate.h; sourceTree = "<group>"; };
		7FD4AD8D16E734C700EB7CC1 /* AppDelegate.m */ = {isa = PBXFileReference; lastKnownFileType = sourcecode.c.objc; path = AppDelegate.m; sourceTree = "<group>"; };
		7FD4AD8F16E734C700EB7CC1 /* Default.png */ = {isa = PBXFileReference; lastKnownFileType = image.png; path = Default.png; sourceTree = "<group>"; };
		7FD4AD9116E734C700EB7CC1 /* Default@2x.png */ = {isa = PBXFileReference; lastKnownFileType = image.png; path = "Default@2x.png"; sourceTree = "<group>"; };
		7FD4AD9316E734C700EB7CC1 /* Default-568h@2x.png */ = {isa = PBXFileReference; lastKnownFileType = image.png; path = "Default-568h@2x.png"; sourceTree = "<group>"; };
		7FD4AD9516E734C700EB7CC1 /* ViewController.h */ = {isa = PBXFileReference; lastKnownFileType = sourcecode.c.h; path = ViewController.h; sourceTree = "<group>"; };
		7FD4AD9616E734C700EB7CC1 /* ViewController.m */ = {isa = PBXFileReference; lastKnownFileType = sourcecode.c.objc; path = ViewController.m; sourceTree = "<group>"; };
		7FD4AD9916E734C700EB7CC1 /* en */ = {isa = PBXFileReference; lastKnownFileType = file.xib; name = en; path = en.lproj/ViewController_iPhone.xib; sourceTree = "<group>"; };
		7FD4AD9C16E734C700EB7CC1 /* en */ = {isa = PBXFileReference; lastKnownFileType = file.xib; name = en; path = en.lproj/ViewController_iPad.xib; sourceTree = "<group>"; };
/* End PBXFileReference section */

/* Begin PBXFrameworksBuildPhase section */
		7FD4AD7716E734C700EB7CC1 /* Frameworks */ = {
			isa = PBXFrameworksBuildPhase;
			buildActionMask = 2147483647;
			files = (
				7F17E7B216E8877F009B742F /* QuartzCore.framework in Frameworks */,
				7FD4AD7E16E734C700EB7CC1 /* UIKit.framework in Frameworks */,
				7FD4AD8016E734C700EB7CC1 /* Foundation.framework in Frameworks */,
				7FD4AD8216E734C700EB7CC1 /* CoreGraphics.framework in Frameworks */,
			);
			runOnlyForDeploymentPostprocessing = 0;
		};
/* End PBXFrameworksBuildPhase section */

/* Begin PBXGroup section */
		7F17E7AD16E882C2009B742F /* Animations */ = {
			isa = PBXGroup;
			children = (
				7F17E7AE16E8836B009B742F /* ArgumentLabelAnimator.h */,
				7F17E7AF16E8836B009B742F /* ArgumentLabelAnimator.m */,
			);
			name = Animations;
			sourceTree = "<group>";
		};
		7F17E7B316E8A310009B742F /* Helper */ = {
			isa = PBXGroup;
			children = (
				7F17E7B416E8A335009B742F /* HelpManager.h */,
				7F17E7B516E8A335009B742F /* HelpManager.m */,
			);
			name = Helper;
			sourceTree = "<group>";
		};
		7F17E7B716E8B8ED009B742F /* Third party */ = {
			isa = PBXGroup;
			children = (
				7F17E7B816E8B9CC009B742F /* PKRevealController.h */,
				7F17E7B916E8B9CC009B742F /* PKRevealController.m */,
				7F17E7BA16E8B9CC009B742F /* PKRevealControllerContainerView.h */,
				7F17E7BB16E8B9CC009B742F /* PKRevealControllerContainerView.m */,
				7F17E7BC16E8B9CC009B742F /* UIViewController+PKRevealController.h */,
				7F17E7BD16E8B9CC009B742F /* UIViewController+PKRevealController.m */,
			);
			name = "Third party";
			sourceTree = "<group>";
		};
		7F17E7C116E8BB65009B742F /* ViewControllers */ = {
			isa = PBXGroup;
			children = (
				7FD4ADA316E7392600EB7CC1 /* DrawingBoard */,
				7F17E7C216E8BB74009B742F /* Menu */,
			);
			name = ViewControllers;
			sourceTree = "<group>";
		};
		7F17E7C216E8BB74009B742F /* Menu */ = {
			isa = PBXGroup;
			children = (
				7F17E7C316E8BBB8009B742F /* LeftMenuViewController.h */,
				7F17E7C416E8BBB8009B742F /* LeftMenuViewController.m */,
				7F17E7C816E8BC6C009B742F /* LeftMenuViewController_iPad.xib */,
				7F17E7CB16E8BC96009B742F /* LeftMenuViewController_iPhone.xib */,
			);
			name = Menu;
			sourceTree = "<group>";
		};
		7F4401BA16E7472100886CBE /* Classes */ = {
			isa = PBXGroup;
			children = (
				7F17E7AD16E882C2009B742F /* Animations */,
				7F17E7B316E8A310009B742F /* Helper */,
				7F17E7B716E8B8ED009B742F /* Third party */,
			);
			name = Classes;
			sourceTree = "<group>";
		};
		7F4401BF16E7490700886CBE /* Resources */ = {
			isa = PBXGroup;
			children = (
				7F4401C016E7491000886CBE /* Icons */,
				7F4401C516E74C8D00886CBE /* Localizable.strings */,
			);
			name = Resources;
			sourceTree = "<group>";
		};
		7F4401C016E7491000886CBE /* Icons */ = {
			isa = PBXGroup;
			children = (
				7F4401C116E7491B00886CBE /* ic_menu_menu.png */,
				7F4401C216E7491B00886CBE /* ic_menu_menu@2x.png */,
			);
			name = Icons;
			sourceTree = "<group>";
		};
		7FD4AD7116E734C700EB7CC1 = {
			isa = PBXGroup;
			children = (
				7FD4AD8316E734C700EB7CC1 /* com.digitalCalc */,
				7FD4AD7C16E734C700EB7CC1 /* Frameworks */,
				7FD4AD7B16E734C700EB7CC1 /* Products */,
			);
			sourceTree = "<group>";
		};
		7FD4AD7B16E734C700EB7CC1 /* Products */ = {
			isa = PBXGroup;
			children = (
				7FD4AD7A16E734C700EB7CC1 /* com.digitalCalc.app */,
			);
			name = Products;
			sourceTree = "<group>";
		};
		7FD4AD7C16E734C700EB7CC1 /* Frameworks */ = {
			isa = PBXGroup;
			children = (
				7FD4AD8116E734C700EB7CC1 /* CoreGraphics.framework */,
				7FD4AD7F16E734C700EB7CC1 /* Foundation.framework */,
				7F17E7B116E8877F009B742F /* QuartzCore.framework */,
				7FD4AD7D16E734C700EB7CC1 /* UIKit.framework */,
			);
			name = Frameworks;
			sourceTree = "<group>";
		};
		7FD4AD8316E734C700EB7CC1 /* com.digitalCalc */ = {
			isa = PBXGroup;
			children = (
				7FD4AD8C16E734C700EB7CC1 /* AppDelegate.h */,
				7FD4AD8D16E734C700EB7CC1 /* AppDelegate.m */,
				7F17E7C116E8BB65009B742F /* ViewControllers */,
				7F4401BA16E7472100886CBE /* Classes */,
				7F4401BF16E7490700886CBE /* Resources */,
				7FD4AD8416E734C700EB7CC1 /* Supporting Files */,
			);
			path = com.digitalCalc;
			sourceTree = "<group>";
		};
		7FD4AD8416E734C700EB7CC1 /* Supporting Files */ = {
			isa = PBXGroup;
			children = (
				7FD4AD8516E734C700EB7CC1 /* com.digitalCalc-Info.plist */,
				7FD4AD8616E734C700EB7CC1 /* InfoPlist.strings */,
				7FD4AD8916E734C700EB7CC1 /* main.m */,
				7FD4AD8B16E734C700EB7CC1 /* com.digitalCalc-Prefix.pch */,
				7FD4AD8F16E734C700EB7CC1 /* Default.png */,
				7FD4AD9116E734C700EB7CC1 /* Default@2x.png */,
				7FD4AD9316E734C700EB7CC1 /* Default-568h@2x.png */,
			);
			name = "Supporting Files";
			sourceTree = "<group>";
		};
		7FD4ADA316E7392600EB7CC1 /* DrawingBoard */ = {
			isa = PBXGroup;
			children = (
				7FD4AD9516E734C700EB7CC1 /* ViewController.h */,
				7FD4AD9616E734C700EB7CC1 /* ViewController.m */,
				7FD4AD9B16E734C700EB7CC1 /* ViewController_iPad.xib */,
				7FD4AD9816E734C700EB7CC1 /* ViewController_iPhone.xib */,
			);
			name = DrawingBoard;
			sourceTree = "<group>";
		};
/* End PBXGroup section */

/* Begin PBXNativeTarget section */
		7FD4AD7916E734C700EB7CC1 /* com.digitalCalc */ = {
			isa = PBXNativeTarget;
			buildConfigurationList = 7FD4ADA016E734C700EB7CC1 /* Build configuration list for PBXNativeTarget "com.digitalCalc" */;
			buildPhases = (
				7FD4AD7616E734C700EB7CC1 /* Sources */,
				7FD4AD7716E734C700EB7CC1 /* Frameworks */,
				7FD4AD7816E734C700EB7CC1 /* Resources */,
			);
			buildRules = (
			);
			dependencies = (
			);
			name = com.digitalCalc;
			productName = com.digitalCalc;
			productReference = 7FD4AD7A16E734C700EB7CC1 /* com.digitalCalc.app */;
			productType = "com.apple.product-type.application";
		};
/* End PBXNativeTarget section */

/* Begin PBXProject section */
		7FD4AD7216E734C700EB7CC1 /* Project object */ = {
			isa = PBXProject;
			attributes = {
				LastUpgradeCheck = 0460;
				ORGANIZATIONNAME = Mapplas;
			};
			buildConfigurationList = 7FD4AD7516E734C700EB7CC1 /* Build configuration list for PBXProject "com.digitalCalc" */;
			compatibilityVersion = "Xcode 3.2";
			developmentRegion = English;
			hasScannedForEncodings = 0;
			knownRegions = (
				en,
			);
			mainGroup = 7FD4AD7116E734C700EB7CC1;
			productRefGroup = 7FD4AD7B16E734C700EB7CC1 /* Products */;
			projectDirPath = "";
			projectRoot = "";
			targets = (
				7FD4AD7916E734C700EB7CC1 /* com.digitalCalc */,
			);
		};
/* End PBXProject section */

/* Begin PBXResourcesBuildPhase section */
		7FD4AD7816E734C700EB7CC1 /* Resources */ = {
			isa = PBXResourcesBuildPhase;
			buildActionMask = 2147483647;
			files = (
				7FD4AD8816E734C700EB7CC1 /* InfoPlist.strings in Resources */,
				7FD4AD9016E734C700EB7CC1 /* Default.png in Resources */,
				7FD4AD9216E734C700EB7CC1 /* Default@2x.png in Resources */,
				7FD4AD9416E734C700EB7CC1 /* Default-568h@2x.png in Resources */,
				7FD4AD9A16E734C700EB7CC1 /* ViewController_iPhone.xib in Resources */,
				7FD4AD9D16E734C700EB7CC1 /* ViewController_iPad.xib in Resources */,
				7F4401C316E7491B00886CBE /* ic_menu_menu.png in Resources */,
				7F4401C416E7491B00886CBE /* ic_menu_menu@2x.png in Resources */,
				7F17E7CA16E8BC6C009B742F /* LeftMenuViewController_iPad.xib in Resources */,
				7F17E7CD16E8BC96009B742F /* LeftMenuViewController_iPhone.xib in Resources */,
			);
			runOnlyForDeploymentPostprocessing = 0;
		};
/* End PBXResourcesBuildPhase section */

/* Begin PBXSourcesBuildPhase section */
		7FD4AD7616E734C700EB7CC1 /* Sources */ = {
			isa = PBXSourcesBuildPhase;
			buildActionMask = 2147483647;
			files = (
				7FD4AD8A16E734C700EB7CC1 /* main.m in Sources */,
				7FD4AD8E16E734C700EB7CC1 /* AppDelegate.m in Sources */,
				7FD4AD9716E734C700EB7CC1 /* ViewController.m in Sources */,
				7F17E7B016E8836B009B742F /* ArgumentLabelAnimator.m in Sources */,
				7F17E7B616E8A335009B742F /* HelpManager.m in Sources */,
				7F17E7BE16E8B9CC009B742F /* PKRevealController.m in Sources */,
				7F17E7BF16E8B9CC009B742F /* PKRevealControllerContainerView.m in Sources */,
				7F17E7C016E8B9CC009B742F /* UIViewController+PKRevealController.m in Sources */,
				7F17E7C616E8BBB8009B742F /* LeftMenuViewController.m in Sources */,
			);
			runOnlyForDeploymentPostprocessing = 0;
		};
/* End PBXSourcesBuildPhase section */

/* Begin PBXVariantGroup section */
		7F17E7C816E8BC6C009B742F /* LeftMenuViewController_iPad.xib */ = {
			isa = PBXVariantGroup;
			children = (
				7F17E7C916E8BC6C009B742F /* en */,
			);
			name = LeftMenuViewController_iPad.xib;
			sourceTree = "<group>";
		};
		7F17E7CB16E8BC96009B742F /* LeftMenuViewController_iPhone.xib */ = {
			isa = PBXVariantGroup;
			children = (
				7F17E7CC16E8BC96009B742F /* en */,
			);
			name = LeftMenuViewController_iPhone.xib;
			sourceTree = "<group>";
		};
		7FD4AD8616E734C700EB7CC1 /* InfoPlist.strings */ = {
			isa = PBXVariantGroup;
			children = (
				7FD4AD8716E734C700EB7CC1 /* en */,
			);
			name = InfoPlist.strings;
			sourceTree = "<group>";
		};
		7FD4AD9816E734C700EB7CC1 /* ViewController_iPhone.xib */ = {
			isa = PBXVariantGroup;
			children = (
				7FD4AD9916E734C700EB7CC1 /* en */,
			);
			name = ViewController_iPhone.xib;
			sourceTree = "<group>";
		};
		7FD4AD9B16E734C700EB7CC1 /* ViewController_iPad.xib */ = {
			isa = PBXVariantGroup;
			children = (
				7FD4AD9C16E734C700EB7CC1 /* en */,
			);
			name = ViewController_iPad.xib;
			sourceTree = "<group>";
		};
/* End PBXVariantGroup section */

/* Begin XCBuildConfiguration section */
		7FD4AD9E16E734C700EB7CC1 /* Debug */ = {
			isa = XCBuildConfiguration;
			buildSettings = {
				ALWAYS_SEARCH_USER_PATHS = NO;
				CLANG_CXX_LANGUAGE_STANDARD = "gnu++0x";
				CLANG_CXX_LIBRARY = "libc++";
				CLANG_ENABLE_OBJC_ARC = YES;
				CLANG_WARN_CONSTANT_CONVERSION = YES;
				CLANG_WARN_EMPTY_BODY = YES;
				CLANG_WARN_ENUM_CONVERSION = YES;
				CLANG_WARN_INT_CONVERSION = YES;
				CLANG_WARN__DUPLICATE_METHOD_MATCH = YES;
				"CODE_SIGN_IDENTITY[sdk=iphoneos*]" = "iPhone Developer";
				COPY_PHASE_STRIP = NO;
				GCC_C_LANGUAGE_STANDARD = gnu99;
				GCC_DYNAMIC_NO_PIC = NO;
				GCC_OPTIMIZATION_LEVEL = 0;
				GCC_PREPROCESSOR_DEFINITIONS = (
					"DEBUG=1",
					"$(inherited)",
				);
				GCC_SYMBOLS_PRIVATE_EXTERN = NO;
				GCC_WARN_ABOUT_RETURN_TYPE = YES;
				GCC_WARN_UNINITIALIZED_AUTOS = YES;
				GCC_WARN_UNUSED_VARIABLE = YES;
				IPHONEOS_DEPLOYMENT_TARGET = 6.1;
				ONLY_ACTIVE_ARCH = YES;
				SDKROOT = iphoneos;
				TARGETED_DEVICE_FAMILY = "1,2";
			};
			name = Debug;
		};
		7FD4AD9F16E734C700EB7CC1 /* Release */ = {
			isa = XCBuildConfiguration;
			buildSettings = {
				ALWAYS_SEARCH_USER_PATHS = NO;
				CLANG_CXX_LANGUAGE_STANDARD = "gnu++0x";
				CLANG_CXX_LIBRARY = "libc++";
				CLANG_ENABLE_OBJC_ARC = YES;
				CLANG_WARN_CONSTANT_CONVERSION = YES;
				CLANG_WARN_EMPTY_BODY = YES;
				CLANG_WARN_ENUM_CONVERSION = YES;
				CLANG_WARN_INT_CONVERSION = YES;
				CLANG_WARN__DUPLICATE_METHOD_MATCH = YES;
				"CODE_SIGN_IDENTITY[sdk=iphoneos*]" = "iPhone Developer";
				COPY_PHASE_STRIP = YES;
				GCC_C_LANGUAGE_STANDARD = gnu99;
				GCC_WARN_ABOUT_RETURN_TYPE = YES;
				GCC_WARN_UNINITIALIZED_AUTOS = YES;
				GCC_WARN_UNUSED_VARIABLE = YES;
				IPHONEOS_DEPLOYMENT_TARGET = 6.1;
				OTHER_CFLAGS = "-DNS_BLOCK_ASSERTIONS=1";
				SDKROOT = iphoneos;
				TARGETED_DEVICE_FAMILY = "1,2";
				VALIDATE_PRODUCT = YES;
			};
			name = Release;
		};
		7FD4ADA116E734C700EB7CC1 /* Debug */ = {
			isa = XCBuildConfiguration;
			buildSettings = {
				GCC_PRECOMPILE_PREFIX_HEADER = YES;
				GCC_PREFIX_HEADER = "com.digitalCalc/com.digitalCalc-Prefix.pch";
				INFOPLIST_FILE = "com.digitalCalc/com.digitalCalc-Info.plist";
				PRODUCT_NAME = "$(TARGET_NAME)";
				WRAPPER_EXTENSION = app;
			};
			name = Debug;
		};
		7FD4ADA216E734C700EB7CC1 /* Release */ = {
			isa = XCBuildConfiguration;
			buildSettings = {
				GCC_PRECOMPILE_PREFIX_HEADER = YES;
				GCC_PREFIX_HEADER = "com.digitalCalc/com.digitalCalc-Prefix.pch";
				INFOPLIST_FILE = "com.digitalCalc/com.digitalCalc-Info.plist";
				PRODUCT_NAME = "$(TARGET_NAME)";
				WRAPPER_EXTENSION = app;
			};
			name = Release;
		};
/* End XCBuildConfiguration section */

/* Begin XCConfigurationList section */
		7FD4AD7516E734C700EB7CC1 /* Build configuration list for PBXProject "com.digitalCalc" */ = {
			isa = XCConfigurationList;
			buildConfigurations = (
				7FD4AD9E16E734C700EB7CC1 /* Debug */,
				7FD4AD9F16E734C700EB7CC1 /* Release */,
			);
			defaultConfigurationIsVisible = 0;
			defaultConfigurationName = Release;
		};
		7FD4ADA016E734C700EB7CC1 /* Build configuration list for PBXNativeTarget "com.digitalCalc" */ = {
			isa = XCConfigurationList;
			buildConfigurations = (
				7FD4ADA116E734C700EB7CC1 /* Debug */,
				7FD4ADA216E734C700EB7CC1 /* Release */,
			);
			defaultConfigurationIsVisible = 0;
			defaultConfigurationName = Release;
		};
/* End XCConfigurationList section */
	};
	rootObject = 7FD4AD7216E734C700EB7CC1 /* Project object */;
}
